
Microsoft Visual Studio Solution File, Format Version 12.00
# Visual Studio Version 17
VisualStudioVersion = 17.14.36301.6 d17.14
MinimumVisualStudioVersion = 10.0.40219.1
Project("{FAE04EC0-301F-11D3-BF4B-00C04F79EFBC}") = "ProjectManager.Core", "ProjectManager.Core\ProjectManager.Core.csproj", "{44EB7311-FE8E-4AA5-9BED-A84752007405}"
EndProject
Project("{FAE04EC0-301F-11D3-BF4B-00C04F79EFBC}") = "ProjectManager.Entities", "ProjectManager.Entities\ProjectManager.Entities.csproj", "{6C8A5C78-9142-4497-B6A6-7A7A066755E2}"
EndProject
Project("{FAE04EC0-301F-11D3-BF4B-00C04F79EFBC}") = "ProjectManager.DataAccess", "ProjectManager.DataAccess\ProjectManager.DataAccess.csproj", "{AF042263-C3B9-45AF-8EFD-E2AE2DF02E99}"
EndProject
Project("{FAE04EC0-301F-11D3-BF4B-00C04F79EFBC}") = "ProjectManager.Business", "ProjectManager.Business\ProjectManager.Business.csproj", "{A5277387-9B3F-473C-8F4A-646FC11B7CAB}"
EndProject
Project("{FAE04EC0-301F-11D3-BF4B-00C04F79EFBC}") = "ProjectManager.API", "ProjectManager.API\ProjectManager.API.csproj", "{5E95985B-AFC5-4CD9-9C62-0896CFADCF95}"
EndProject
Global
	GlobalSection(SolutionConfigurationPlatforms) = preSolution
		Debug|Any CPU = Debug|Any CPU
		Release|Any CPU = Release|Any CPU
	EndGlobalSection
	GlobalSection(ProjectConfigurationPlatforms) = postSolution
		{44EB7311-FE8E-4AA5-9BED-A84752007405}.Debug|Any CPU.ActiveCfg = Debug|Any CPU
		{44EB7311-FE8E-4AA5-9BED-A84752007405}.Debug|Any CPU.Build.0 = Debug|Any CPU
		{44EB7311-FE8E-4AA5-9BED-A84752007405}.Release|Any CPU.ActiveCfg = Release|Any CPU
		{44EB7311-FE8E-4AA5-9BED-A84752007405}.Release|Any CPU.Build.0 = Release|Any CPU
		{6C8A5C78-9142-4497-B6A6-7A7A066755E2}.Debug|Any CPU.ActiveCfg = Debug|Any CPU
		{6C8A5C78-9142-4497-B6A6-7A7A066755E2}.Debug|Any CPU.Build.0 = Debug|Any CPU
		{6C8A5C78-9142-4497-B6A6-7A7A066755E2}.Release|Any CPU.ActiveCfg = Release|Any CPU
		{6C8A5C78-9142-4497-B6A6-7A7A066755E2}.Release|Any CPU.Build.0 = Release|Any CPU
		{AF042263-C3B9-45AF-8EFD-E2AE2DF02E99}.Debug|Any CPU.ActiveCfg = Debug|Any CPU
		{AF042263-C3B9-45AF-8EFD-E2AE2DF02E99}.Debug|Any CPU.Build.0 = Debug|Any CPU
		{AF042263-C3B9-45AF-8EFD-E2AE2DF02E99}.Release|Any CPU.ActiveCfg = Release|Any CPU
		{AF042263-C3B9-45AF-8EFD-E2AE2DF02E99}.Release|Any CPU.Build.0 = Release|Any CPU
		{A5277387-9B3F-473C-8F4A-646FC11B7CAB}.Debug|Any CPU.ActiveCfg = Debug|Any CPU
		{A5277387-9B3F-473C-8F4A-646FC11B7CAB}.Debug|Any CPU.Build.0 = Debug|Any CPU
		{A5277387-9B3F-473C-8F4A-646FC11B7CAB}.Release|Any CPU.ActiveCfg = Release|Any CPU
		{A5277387-9B3F-473C-8F4A-646FC11B7CAB}.Release|Any CPU.Build.0 = Release|Any CPU
		{5E95985B-AFC5-4CD9-9C62-0896CFADCF95}.Debug|Any CPU.ActiveCfg = Debug|Any CPU
		{5E95985B-AFC5-4CD9-9C62-0896CFADCF95}.Debug|Any CPU.Build.0 = Debug|Any CPU
		{5E95985B-AFC5-4CD9-9C62-0896CFADCF95}.Release|Any CPU.ActiveCfg = Release|Any CPU
		{5E95985B-AFC5-4CD9-9C62-0896CFADCF95}.Release|Any CPU.Build.0 = Release|Any CPU
	EndGlobalSection
	GlobalSection(SolutionProperties) = preSolution
		HideSolutionNode = FALSE
	EndGlobalSection
	GlobalSection(ExtensibilityGlobals) = postSolution
		SolutionGuid = {009284E0-8015-4A4D-AAC7-B308218F3FB6}
	EndGlobalSection
EndGlobal
