
Microsoft Visual Studio Solution File, Format Version 12.00
# Visual Studio Version 17
VisualStudioVersion = 17.14.36301.6 d17.14
MinimumVisualStudioVersion = 10.0.40219.1
Project("{FAE04EC0-301F-11D3-BF4B-00C04F79EFBC}") = "TaskManager.API", "TaskManager.API\TaskManager.API.csproj", "{7A80F74F-4828-4B1D-9605-7E2DB5879378}"
EndProject
Project("{FAE04EC0-301F-11D3-BF4B-00C04F79EFBC}") = "TaskManager.Entities", "TaskManager.Entities\TaskManager.Entities.csproj", "{685C1B2C-D50B-486D-9D9A-CFF2D6C1F68D}"
EndProject
Project("{FAE04EC0-301F-11D3-BF4B-00C04F79EFBC}") = "TaskManager.Business", "TaskManager.Business\TaskManager.Business.csproj", "{990C9720-B3FC-4BB8-A2EF-E81FB8934E18}"
EndProject
Project("{FAE04EC0-301F-11D3-BF4B-00C04F79EFBC}") = "TaskManager.Core", "TaskManager.Core\TaskManager.Core.csproj", "{3C119629-4444-47D4-9C62-DB33D21FEE42}"
EndProject
Project("{FAE04EC0-301F-11D3-BF4B-00C04F79EFBC}") = "TaskManager.DataAccess", "TaskManager.DataAccess\TaskManager.DataAccess.csproj", "{BA9C0C9F-B61F-4FBF-8203-E4EFB1595776}"
EndProject
Global
	GlobalSection(SolutionConfigurationPlatforms) = preSolution
		Debug|Any CPU = Debug|Any CPU
		Release|Any CPU = Release|Any CPU
	EndGlobalSection
	GlobalSection(ProjectConfigurationPlatforms) = postSolution
		{7A80F74F-4828-4B1D-9605-7E2DB5879378}.Debug|Any CPU.ActiveCfg = Debug|Any CPU
		{7A80F74F-4828-4B1D-9605-7E2DB5879378}.Debug|Any CPU.Build.0 = Debug|Any CPU
		{7A80F74F-4828-4B1D-9605-7E2DB5879378}.Release|Any CPU.ActiveCfg = Release|Any CPU
		{7A80F74F-4828-4B1D-9605-7E2DB5879378}.Release|Any CPU.Build.0 = Release|Any CPU
		{685C1B2C-D50B-486D-9D9A-CFF2D6C1F68D}.Debug|Any CPU.ActiveCfg = Debug|Any CPU
		{685C1B2C-D50B-486D-9D9A-CFF2D6C1F68D}.Debug|Any CPU.Build.0 = Debug|Any CPU
		{685C1B2C-D50B-486D-9D9A-CFF2D6C1F68D}.Release|Any CPU.ActiveCfg = Release|Any CPU
		{685C1B2C-D50B-486D-9D9A-CFF2D6C1F68D}.Release|Any CPU.Build.0 = Release|Any CPU
		{990C9720-B3FC-4BB8-A2EF-E81FB8934E18}.Debug|Any CPU.ActiveCfg = Debug|Any CPU
		{990C9720-B3FC-4BB8-A2EF-E81FB8934E18}.Debug|Any CPU.Build.0 = Debug|Any CPU
		{990C9720-B3FC-4BB8-A2EF-E81FB8934E18}.Release|Any CPU.ActiveCfg = Release|Any CPU
		{990C9720-B3FC-4BB8-A2EF-E81FB8934E18}.Release|Any CPU.Build.0 = Release|Any CPU
		{3C119629-4444-47D4-9C62-DB33D21FEE42}.Debug|Any CPU.ActiveCfg = Debug|Any CPU
		{3C119629-4444-47D4-9C62-DB33D21FEE42}.Debug|Any CPU.Build.0 = Debug|Any CPU
		{3C119629-4444-47D4-9C62-DB33D21FEE42}.Release|Any CPU.ActiveCfg = Release|Any CPU
		{3C119629-4444-47D4-9C62-DB33D21FEE42}.Release|Any CPU.Build.0 = Release|Any CPU
		{BA9C0C9F-B61F-4FBF-8203-E4EFB1595776}.Debug|Any CPU.ActiveCfg = Debug|Any CPU
		{BA9C0C9F-B61F-4FBF-8203-E4EFB1595776}.Debug|Any CPU.Build.0 = Debug|Any CPU
		{BA9C0C9F-B61F-4FBF-8203-E4EFB1595776}.Release|Any CPU.ActiveCfg = Release|Any CPU
		{BA9C0C9F-B61F-4FBF-8203-E4EFB1595776}.Release|Any CPU.Build.0 = Release|Any CPU
	EndGlobalSection
	GlobalSection(SolutionProperties) = preSolution
		HideSolutionNode = FALSE
	EndGlobalSection
	GlobalSection(ExtensibilityGlobals) = postSolution
		SolutionGuid = {5F0E22EB-D87D-462B-AAD4-9DBA298406F9}
	EndGlobalSection
EndGlobal
